
Microsoft Visual Studio Solution File, Format Version 12.00
# Visual Studio 15
VisualStudioVersion = 15.0.28010.2036
MinimumVisualStudioVersion = 10.0.40219.1
Project("{FAE04EC0-301F-11D3-BF4B-00C04F79EFBC}") = "WebApi", "WebApi\WebApi.csproj", "{72E8A122-CB8E-4DD1-B076-C7507BC88C17}"
EndProject
Project("{FAE04EC0-301F-11D3-BF4B-00C04F79EFBC}") = "WebApi.Tests", "WebApi.Tests\WebApi.Tests.csproj", "{BCB919B7-61E3-4541-83FD-D8CC0A8F70F8}"
EndProject
Global
	GlobalSection(SolutionConfigurationPlatforms) = preSolution
		Debug|Any CPU = Debug|Any CPU
		Release|Any CPU = Release|Any CPU
	EndGlobalSection
	GlobalSection(ProjectConfigurationPlatforms) = postSolution
		{72E8A122-CB8E-4DD1-B076-C7507BC88C17}.Debug|Any CPU.ActiveCfg = Debug|Any CPU
		{72E8A122-CB8E-4DD1-B076-C7507BC88C17}.Debug|Any CPU.Build.0 = Debug|Any CPU
		{72E8A122-CB8E-4DD1-B076-C7507BC88C17}.Release|Any CPU.ActiveCfg = Release|Any CPU
		{72E8A122-CB8E-4DD1-B076-C7507BC88C17}.Release|Any CPU.Build.0 = Release|Any CPU
		{BCB919B7-61E3-4541-83FD-D8CC0A8F70F8}.Debug|Any CPU.ActiveCfg = Debug|Any CPU
		{BCB919B7-61E3-4541-83FD-D8CC0A8F70F8}.Debug|Any CPU.Build.0 = Debug|Any CPU
		{BCB919B7-61E3-4541-83FD-D8CC0A8F70F8}.Release|Any CPU.ActiveCfg = Release|Any CPU
		{BCB919B7-61E3-4541-83FD-D8CC0A8F70F8}.Release|Any CPU.Build.0 = Release|Any CPU
	EndGlobalSection
	GlobalSection(SolutionProperties) = preSolution
		HideSolutionNode = FALSE
	EndGlobalSection
	GlobalSection(ExtensibilityGlobals) = postSolution
		SolutionGuid = {8C7DB199-BEB1-41B3-A186-3600D4A28CED}
	EndGlobalSection
EndGlobal
